
Microsoft Visual Studio Solution File, Format Version 12.00
# Visual Studio Version 17
VisualStudioVersion = 17.11.35222.181
MinimumVisualStudioVersion = 10.0.40219.1
Project("{9A19103F-16F7-4668-BE54-9A1E7A4F7556}") = "DiscountSystemChallenge", "DiscountSystemChallenge\DiscountSystemChallenge.csproj", "{9A197FDF-FB2F-48E7-BAAF-9CA641C57530}"
EndProject
Project("{2150E333-8FDC-42A3-9474-1A3956D46DE8}") = "99.Test", "99.Test", "{68579F27-FD7D-4E29-B3A7-D0A94632DF2A}"
EndProject
Project("{2150E333-8FDC-42A3-9474-1A3956D46DE8}") = "02.Components", "02.Components", "{B3BD8EA2-7B7E-4A24-82B8-23734A03E810}"
EndProject
Project("{9A19103F-16F7-4668-BE54-9A1E7A4F7556}") = "DiscountServices", "DiscountServices\DiscountServices.csproj", "{DA77C206-1B33-4304-BA15-62C3FE6AF3DA}"
EndProject
Project("{2150E333-8FDC-42A3-9474-1A3956D46DE8}") = "00.Core", "00.Core", "{96B59AAF-4DA2-46D8-87D0-01ACAE8DC984}"
EndProject
Project("{9A19103F-16F7-4668-BE54-9A1E7A4F7556}") = "DiscountCore", "DiscountCore\DiscountCore.csproj", "{0980FF2D-12A5-4A70-A74B-1B2EA95AC254}"
EndProject
Project("{2150E333-8FDC-42A3-9474-1A3956D46DE8}") = "01.Repositories", "01.Repositories", "{84FEB850-00E0-4660-ADF7-DFA97656420B}"
EndProject
Project("{9A19103F-16F7-4668-BE54-9A1E7A4F7556}") = "FileManager", "FileManager\FileManager.csproj", "{4779F0B9-0C15-43F9-AC17-2864377C930C}"
EndProject
Project("{2150E333-8FDC-42A3-9474-1A3956D46DE8}") = "Models", "Models", "{40DD429D-A9BF-4A7C-B63A-792F9260CFC1}"
EndProject
Project("{2150E333-8FDC-42A3-9474-1A3956D46DE8}") = "Components", "Components", "{A48CF63A-210D-47F4-938B-851A4DFC6B53}"
EndProject
Project("{9A19103F-16F7-4668-BE54-9A1E7A4F7556}") = "DataFileIO", "DataFileIO\DataFileIO.csproj", "{651D8254-D975-43F9-BBFA-08945CBE957A}"
EndProject
Project("{2150E333-8FDC-42A3-9474-1A3956D46DE8}") = "03.Middleware", "03.Middleware", "{C8CC52DF-2719-46FA-A57A-41E31BAF077F}"
EndProject
Project("{9A19103F-16F7-4668-BE54-9A1E7A4F7556}") = "SignalRDiscountCodeApp", "SignalRDiscountCodeApp\SignalRDiscountCodeApp.csproj", "{288E4F36-952A-41F9-8729-2C3DF2C9BC12}"
EndProject
Project("{2150E333-8FDC-42A3-9474-1A3956D46DE8}") = "04.Client", "04.Client", "{E2DA9003-F4C8-4FAE-8540-C012CD1C74DC}"
EndProject
Project("{9A19103F-16F7-4668-BE54-9A1E7A4F7556}") = "SignalRClient", "SignalRClient\SignalRClient.csproj", "{AF8C44FB-9D91-43CB-8DD4-5A7CC7108F68}"
EndProject
Project("{2150E333-8FDC-42A3-9474-1A3956D46DE8}") = "Solution Items", "Solution Items", "{AA00FA98-7C14-470F-8079-6757DE68D16E}"
	ProjectSection(SolutionItems) = preProject
		.editorconfig = .editorconfig
		.gitignore = .gitignore
		README.md = README.md
	EndProjectSection
EndProject
Project("{9A19103F-16F7-4668-BE54-9A1E7A4F7556}") = "SignalRListener_A", "SignalRListener_A\SignalRListener_A.csproj", "{6883483A-88C0-478E-9634-BD8EFEAE3741}"
EndProject
Project("{9A19103F-16F7-4668-BE54-9A1E7A4F7556}") = "SignalRListener_B", "SignalRListener_B\SignalRListener_B.csproj", "{90A72109-0D17-42CE-AC8F-476C028BFD2D}"
EndProject
Project("{9A19103F-16F7-4668-BE54-9A1E7A4F7556}") = "SignalRListener_C", "SignalRListener_C\SignalRListener_C.csproj", "{07A456E2-9577-4437-A928-EBDB48DC51BA}"
EndProject
Global
	GlobalSection(SolutionConfigurationPlatforms) = preSolution
		Debug|Any CPU = Debug|Any CPU
		Release|Any CPU = Release|Any CPU
	EndGlobalSection
	GlobalSection(ProjectConfigurationPlatforms) = postSolution
		{9A197FDF-FB2F-48E7-BAAF-9CA641C57530}.Debug|Any CPU.ActiveCfg = Debug|Any CPU
		{9A197FDF-FB2F-48E7-BAAF-9CA641C57530}.Debug|Any CPU.Build.0 = Debug|Any CPU
		{9A197FDF-FB2F-48E7-BAAF-9CA641C57530}.Release|Any CPU.ActiveCfg = Release|Any CPU
		{9A197FDF-FB2F-48E7-BAAF-9CA641C57530}.Release|Any CPU.Build.0 = Release|Any CPU
		{DA77C206-1B33-4304-BA15-62C3FE6AF3DA}.Debug|Any CPU.ActiveCfg = Debug|Any CPU
		{DA77C206-1B33-4304-BA15-62C3FE6AF3DA}.Debug|Any CPU.Build.0 = Debug|Any CPU
		{DA77C206-1B33-4304-BA15-62C3FE6AF3DA}.Release|Any CPU.ActiveCfg = Release|Any CPU
		{DA77C206-1B33-4304-BA15-62C3FE6AF3DA}.Release|Any CPU.Build.0 = Release|Any CPU
		{0980FF2D-12A5-4A70-A74B-1B2EA95AC254}.Debug|Any CPU.ActiveCfg = Debug|Any CPU
		{0980FF2D-12A5-4A70-A74B-1B2EA95AC254}.Debug|Any CPU.Build.0 = Debug|Any CPU
		{0980FF2D-12A5-4A70-A74B-1B2EA95AC254}.Release|Any CPU.ActiveCfg = Release|Any CPU
		{0980FF2D-12A5-4A70-A74B-1B2EA95AC254}.Release|Any CPU.Build.0 = Release|Any CPU
		{4779F0B9-0C15-43F9-AC17-2864377C930C}.Debug|Any CPU.ActiveCfg = Debug|Any CPU
		{4779F0B9-0C15-43F9-AC17-2864377C930C}.Debug|Any CPU.Build.0 = Debug|Any CPU
		{4779F0B9-0C15-43F9-AC17-2864377C930C}.Release|Any CPU.ActiveCfg = Release|Any CPU
		{4779F0B9-0C15-43F9-AC17-2864377C930C}.Release|Any CPU.Build.0 = Release|Any CPU
		{651D8254-D975-43F9-BBFA-08945CBE957A}.Debug|Any CPU.ActiveCfg = Debug|Any CPU
		{651D8254-D975-43F9-BBFA-08945CBE957A}.Debug|Any CPU.Build.0 = Debug|Any CPU
		{651D8254-D975-43F9-BBFA-08945CBE957A}.Release|Any CPU.ActiveCfg = Release|Any CPU
		{651D8254-D975-43F9-BBFA-08945CBE957A}.Release|Any CPU.Build.0 = Release|Any CPU
		{288E4F36-952A-41F9-8729-2C3DF2C9BC12}.Debug|Any CPU.ActiveCfg = Debug|Any CPU
		{288E4F36-952A-41F9-8729-2C3DF2C9BC12}.Debug|Any CPU.Build.0 = Debug|Any CPU
		{288E4F36-952A-41F9-8729-2C3DF2C9BC12}.Release|Any CPU.ActiveCfg = Release|Any CPU
		{288E4F36-952A-41F9-8729-2C3DF2C9BC12}.Release|Any CPU.Build.0 = Release|Any CPU
		{AF8C44FB-9D91-43CB-8DD4-5A7CC7108F68}.Debug|Any CPU.ActiveCfg = Debug|Any CPU
		{AF8C44FB-9D91-43CB-8DD4-5A7CC7108F68}.Debug|Any CPU.Build.0 = Debug|Any CPU
		{AF8C44FB-9D91-43CB-8DD4-5A7CC7108F68}.Release|Any CPU.ActiveCfg = Release|Any CPU
		{AF8C44FB-9D91-43CB-8DD4-5A7CC7108F68}.Release|Any CPU.Build.0 = Release|Any CPU
		{6883483A-88C0-478E-9634-BD8EFEAE3741}.Debug|Any CPU.ActiveCfg = Debug|Any CPU
		{6883483A-88C0-478E-9634-BD8EFEAE3741}.Debug|Any CPU.Build.0 = Debug|Any CPU
		{6883483A-88C0-478E-9634-BD8EFEAE3741}.Release|Any CPU.ActiveCfg = Release|Any CPU
		{6883483A-88C0-478E-9634-BD8EFEAE3741}.Release|Any CPU.Build.0 = Release|Any CPU
		{90A72109-0D17-42CE-AC8F-476C028BFD2D}.Debug|Any CPU.ActiveCfg = Debug|Any CPU
		{90A72109-0D17-42CE-AC8F-476C028BFD2D}.Debug|Any CPU.Build.0 = Debug|Any CPU
		{90A72109-0D17-42CE-AC8F-476C028BFD2D}.Release|Any CPU.ActiveCfg = Release|Any CPU
		{90A72109-0D17-42CE-AC8F-476C028BFD2D}.Release|Any CPU.Build.0 = Release|Any CPU
		{07A456E2-9577-4437-A928-EBDB48DC51BA}.Debug|Any CPU.ActiveCfg = Debug|Any CPU
		{07A456E2-9577-4437-A928-EBDB48DC51BA}.Debug|Any CPU.Build.0 = Debug|Any CPU
		{07A456E2-9577-4437-A928-EBDB48DC51BA}.Release|Any CPU.ActiveCfg = Release|Any CPU
		{07A456E2-9577-4437-A928-EBDB48DC51BA}.Release|Any CPU.Build.0 = Release|Any CPU
	EndGlobalSection
	GlobalSection(SolutionProperties) = preSolution
		HideSolutionNode = FALSE
	EndGlobalSection
	GlobalSection(NestedProjects) = preSolution
		{9A197FDF-FB2F-48E7-BAAF-9CA641C57530} = {68579F27-FD7D-4E29-B3A7-D0A94632DF2A}
		{DA77C206-1B33-4304-BA15-62C3FE6AF3DA} = {B3BD8EA2-7B7E-4A24-82B8-23734A03E810}
		{0980FF2D-12A5-4A70-A74B-1B2EA95AC254} = {40DD429D-A9BF-4A7C-B63A-792F9260CFC1}
		{4779F0B9-0C15-43F9-AC17-2864377C930C} = {84FEB850-00E0-4660-ADF7-DFA97656420B}
		{40DD429D-A9BF-4A7C-B63A-792F9260CFC1} = {96B59AAF-4DA2-46D8-87D0-01ACAE8DC984}
		{A48CF63A-210D-47F4-938B-851A4DFC6B53} = {96B59AAF-4DA2-46D8-87D0-01ACAE8DC984}
		{651D8254-D975-43F9-BBFA-08945CBE957A} = {A48CF63A-210D-47F4-938B-851A4DFC6B53}
		{288E4F36-952A-41F9-8729-2C3DF2C9BC12} = {C8CC52DF-2719-46FA-A57A-41E31BAF077F}
		{AF8C44FB-9D91-43CB-8DD4-5A7CC7108F68} = {E2DA9003-F4C8-4FAE-8540-C012CD1C74DC}
		{6883483A-88C0-478E-9634-BD8EFEAE3741} = {E2DA9003-F4C8-4FAE-8540-C012CD1C74DC}
		{90A72109-0D17-42CE-AC8F-476C028BFD2D} = {E2DA9003-F4C8-4FAE-8540-C012CD1C74DC}
		{07A456E2-9577-4437-A928-EBDB48DC51BA} = {E2DA9003-F4C8-4FAE-8540-C012CD1C74DC}
	EndGlobalSection
	GlobalSection(ExtensibilityGlobals) = postSolution
		SolutionGuid = {4BBEEBEA-626C-45BC-9CF4-6BB082CF16F9}
	EndGlobalSection
EndGlobal
